
Microsoft Visual Studio Solution File, Format Version 12.00
# Visual Studio Version 17
VisualStudioVersion = 17.8.34525.116
MinimumVisualStudioVersion = 10.0.40219.1
Project("{FAE04EC0-301F-11D3-BF4B-00C04F79EFBC}") = "L20240312", "L20240312.csproj", "{44C7A810-7B21-4605-BF79-304258BBB58E}"
EndProject
Global
	GlobalSection(SolutionConfigurationPlatforms) = preSolution
		Debug|Any CPU = Debug|Any CPU
		Release|Any CPU = Release|Any CPU
	EndGlobalSection
	GlobalSection(ProjectConfigurationPlatforms) = postSolution
		{44C7A810-7B21-4605-BF79-304258BBB58E}.Debug|Any CPU.ActiveCfg = Debug|Any CPU
		{44C7A810-7B21-4605-BF79-304258BBB58E}.Debug|Any CPU.Build.0 = Debug|Any CPU
		{44C7A810-7B21-4605-BF79-304258BBB58E}.Release|Any CPU.ActiveCfg = Release|Any CPU
		{44C7A810-7B21-4605-BF79-304258BBB58E}.Release|Any CPU.Build.0 = Release|Any CPU
	EndGlobalSection
	GlobalSection(SolutionProperties) = preSolution
		HideSolutionNode = FALSE
	EndGlobalSection
	GlobalSection(ExtensibilityGlobals) = postSolution
		SolutionGuid = {F7793F02-A919-4385-BC6B-3AE16A6DCBC0}
	EndGlobalSection
EndGlobal
